# THIS IS AN AUTOGENERATED FILE. DO NOT EDIT THIS FILE DIRECTLY.
# yarn lockfile v1


"@uppy/core@^1.0":
  version "1.1.0"
  resolved "https://registry.yarnpkg.com/@uppy/core/-/core-1.1.0.tgz#7f7b233150ab02084225eee18f1267d636e6680b"
  integrity sha512-lsYqni4CLdxblboYMYVaLlQ/zW0QjheCkWI6q4nJy+XnsiIqq+mZ1j4fJ9KsHaiP929GL35FowOVe0iOS2/OuA==
  dependencies:
    "@uppy/store-default" "1.1.0"
    "@uppy/utils" "1.1.0"
    cuid "^2.1.1"
    lodash.throttle "^4.1.1"
    mime-match "^1.0.2"
    namespace-emitter "^2.0.1"
    preact "8.2.9"
    prettier-bytes "^1.0.4"

"@uppy/store-default@1.1.0":
  version "1.1.0"
  resolved "https://registry.yarnpkg.com/@uppy/store-default/-/store-default-1.1.0.tgz#c4ded532ed38d13ca955962edbffe58ecd9abb7e"
  integrity sha512-xCnLDnQ9P42vGV5Q+f9TK/IdRFhZDwBpuAqwJtywPLdbN3sfVsf7uTTUn7ZcWs/jGs0rC/UgKnvIco1Kh7zpWg==

"@uppy/utils@1.1.0":
  version "1.1.0"
  resolved "https://registry.yarnpkg.com/@uppy/utils/-/utils-1.1.0.tgz#781e8667563cb35e343560fbaceb4b37c61edb8c"
  integrity sha512-S9uZ4fMnUDbuIxjqsLSCow72g7vdXD9/pwHNsjIqA5AHGHUbPBAGGFbor7YanZ6NZYyE5D0KdVgzAiH6SFLenw==
  dependencies:
    lodash.throttle "^4.1.1"

"@uppy/utils@^1.0":
  version "1.3.0"
  resolved "https://registry.yarnpkg.com/@uppy/utils/-/utils-1.3.0.tgz#46ae1fb646f3ad03d204a43d145e0365557c7eca"
  integrity sha512-eDmegVxzaKHGCpjA6ok0/vaEN5U9znKjpwnxGBF+mNpydgSHCV5NDA4iy1mmaOQ4D3mwnu51UBk44zt+0KL8pw==
  dependencies:
    lodash.throttle "^4.1.1"

cuid@^2.1.1:
  version "2.1.6"
  resolved "https://registry.yarnpkg.com/cuid/-/cuid-2.1.6.tgz#dc3a20b5a7497d36d32c0bf8a2997524c9c796c4"
  integrity sha512-ZFp7PS6cSYMJNch9fc3tyHdE4T8TDo3Y5qAxb0KSA9mpiYDo7z9ql1CznFuuzxea9STVIDy0tJWm2lYiX2ZU1Q==

lodash.throttle@^4.1.1:
  version "4.1.1"
  resolved "https://registry.yarnpkg.com/lodash.throttle/-/lodash.throttle-4.1.1.tgz#c23e91b710242ac70c37f1e1cda9274cc39bf2f4"
  integrity sha1-wj6RtxAkKscMN/HhzaknTMOb8vQ=

mime-match@^1.0.2:
  version "1.0.2"
  resolved "https://registry.yarnpkg.com/mime-match/-/mime-match-1.0.2.tgz#3f87c31e9af1a5fd485fb9db134428b23bbb7ba8"
  integrity sha1-P4fDHprxpf1IX7nbE0Qosju7e6g=
  dependencies:
    wildcard "^1.1.0"

namespace-emitter@^2.0.1:
  version "2.0.1"
  resolved "https://registry.yarnpkg.com/namespace-emitter/-/namespace-emitter-2.0.1.tgz#978d51361c61313b4e6b8cf6f3853d08dfa2b17c"
  integrity sha512-N/sMKHniSDJBjfrkbS/tpkPj4RAbvW3mr8UAzvlMHyun93XEm83IAvhWtJVHo+RHn/oO8Job5YN4b+wRjSVp5g==

preact@8.2.9:
  version "8.2.9"
  resolved "https://registry.yarnpkg.com/preact/-/preact-8.2.9.tgz#813ba9dd45e5d97c5ea0d6c86d375b3be711cc40"
  integrity sha512-ThuGXBmJS3VsT+jIP+eQufD3L8pRw/PY3FoCys6O9Pu6aF12Pn9zAJDX99TfwRAFOCEKm/P0lwiPTbqKMJp0fA==

prettier-bytes@^1.0.4:
  version "1.0.4"
  resolved "https://registry.yarnpkg.com/prettier-bytes/-/prettier-bytes-1.0.4.tgz#994b02aa46f699c50b6257b5faaa7fe2557e62d6"
  integrity sha1-mUsCqkb2mcULYle1+qp/4lV+YtY=

wildcard@^1.1.0:
  version "1.1.2"
  resolved "https://registry.yarnpkg.com/wildcard/-/wildcard-1.1.2.tgz#a7020453084d8cd2efe70ba9d3696263de1710a5"
  integrity sha1-pwIEUwhNjNLv5wup02liY94XEKU=
